
Microsoft Visual Studio Solution File, Format Version 12.00
# Visual Studio 15
VisualStudioVersion = 15.0.27130.2027
MinimumVisualStudioVersion = 10.0.40219.1
Project("{9A19103F-16F7-4668-BE54-9A1E7A4F7556}") = "PucMinas.Services.Charity", "src\Charity\PucMinas.Services.Charity.csproj", "{D4611748-C3CC-4594-A388-E4E8F6126810}"
EndProject
Global
	GlobalSection(SolutionConfigurationPlatforms) = preSolution
		Debug|Any CPU = Debug|Any CPU
		Release|Any CPU = Release|Any CPU
	EndGlobalSection
	GlobalSection(ProjectConfigurationPlatforms) = postSolution
		{D4611748-C3CC-4594-A388-E4E8F6126810}.Debug|Any CPU.ActiveCfg = Debug|Any CPU
		{D4611748-C3CC-4594-A388-E4E8F6126810}.Debug|Any CPU.Build.0 = Debug|Any CPU
		{D4611748-C3CC-4594-A388-E4E8F6126810}.Release|Any CPU.ActiveCfg = Release|Any CPU
		{D4611748-C3CC-4594-A388-E4E8F6126810}.Release|Any CPU.Build.0 = Release|Any CPU
	EndGlobalSection
	GlobalSection(SolutionProperties) = preSolution
		HideSolutionNode = FALSE
	EndGlobalSection
	GlobalSection(ExtensibilityGlobals) = postSolution
		SolutionGuid = {0957AAC8-A95E-499E-A4BF-0D6AE841E322}
	EndGlobalSection
EndGlobal
